PODS:
  - Capacitor (5.5.0):
    - CapacitorCordova
  - CapacitorCordova (5.5.0)
  - CapacitorHaptics (5.0.6):
    - Capacitor
  - CapacitorPreferences (5.0.6):
    - Capacitor
  - CapacitorShare (5.0.6):
    - Capacitor
  - CapacitorSplashScreen (5.0.6):
    - Capacitor

DEPENDENCIES:
  - "Capacitor (from `../../node_modules/@capacitor/ios`)"
  - "CapacitorCordova (from `../../node_modules/@capacitor/ios`)"
  - "CapacitorHaptics (from `../../node_modules/@capacitor/haptics`)"
  - "CapacitorPreferences (from `../../node_modules/@capacitor/preferences`)"
  - "CapacitorShare (from `../../node_modules/@capacitor/share`)"
  - "CapacitorSplashScreen (from `../../node_modules/@capacitor/splash-screen`)"

EXTERNAL SOURCES:
  Capacitor:
    :path: "../../node_modules/@capacitor/ios"
  CapacitorCordova:
    :path: "../../node_modules/@capacitor/ios"
  CapacitorHaptics:
    :path: "../../node_modules/@capacitor/haptics"
  CapacitorPreferences:
    :path: "../../node_modules/@capacitor/preferences"
  CapacitorShare:
    :path: "../../node_modules/@capacitor/share"
  CapacitorSplashScreen:
    :path: "../../node_modules/@capacitor/splash-screen"

SPEC CHECKSUMS:
  Capacitor: 57890b363df14d5d2d5d8461aa23e886cb34da2a
  CapacitorCordova: 3d3908a3d208a11a75f9df3b18c4405c4de76e1d
  CapacitorHaptics: 1fffc1217c7e64a472d7845be50fb0c2f7d4204c
  CapacitorPreferences: f03954bcb0ff09c792909e46bff88e3183c16b10
  CapacitorShare: cd41743331cb71d217c029de54b681cbd91e0fcc
  CapacitorSplashScreen: 5fa2ab5e46cf5cc530cf16a51c80c7a986579ccd

PODFILE CHECKSUM: 4305504799dce757c88eb631008123263db7af00

COCOAPODS: 1.13.0
